
Microsoft Visual Studio Solution File, Format Version 12.00
# Visual Studio 15
VisualStudioVersion = 15.0.28307.489
MinimumVisualStudioVersion = 10.0.40219.1
Project("{8BC9CEB8-8B4A-11D0-8D11-00A0C91BC942}") = "LinkedBag", "LinkedBag\LinkedBag.vcxproj", "{B2016671-AA1D-4491-8E84-8A57E73F7F12}"
EndProject
Global
	GlobalSection(SolutionConfigurationPlatforms) = preSolution
		Debug|x64 = Debug|x64
		Debug|x86 = Debug|x86
		Release|x64 = Release|x64
		Release|x86 = Release|x86
	EndGlobalSection
	GlobalSection(ProjectConfigurationPlatforms) = postSolution
		{B2016671-AA1D-4491-8E84-8A57E73F7F12}.Debug|x64.ActiveCfg = Debug|x64
		{B2016671-AA1D-4491-8E84-8A57E73F7F12}.Debug|x64.Build.0 = Debug|x64
		{B2016671-AA1D-4491-8E84-8A57E73F7F12}.Debug|x86.ActiveCfg = Debug|Win32
		{B2016671-AA1D-4491-8E84-8A57E73F7F12}.Debug|x86.Build.0 = Debug|Win32
		{B2016671-AA1D-4491-8E84-8A57E73F7F12}.Release|x64.ActiveCfg = Release|x64
		{B2016671-AA1D-4491-8E84-8A57E73F7F12}.Release|x64.Build.0 = Release|x64
		{B2016671-AA1D-4491-8E84-8A57E73F7F12}.Release|x86.ActiveCfg = Release|Win32
		{B2016671-AA1D-4491-8E84-8A57E73F7F12}.Release|x86.Build.0 = Release|Win32
	EndGlobalSection
	GlobalSection(SolutionProperties) = preSolution
		HideSolutionNode = FALSE
	EndGlobalSection
	GlobalSection(ExtensibilityGlobals) = postSolution
		SolutionGuid = {C653BAFA-C487-432A-ACD1-5480F0091F9C}
	EndGlobalSection
EndGlobal
