
Microsoft Visual Studio Solution File, Format Version 12.00
# Visual Studio 15
VisualStudioVersion = 15.0.28307.489
MinimumVisualStudioVersion = 10.0.40219.1
Project("{8BC9CEB8-8B4A-11D0-8D11-00A0C91BC942}") = "Assigment 4", "Assigment 4\Assigment 4.vcxproj", "{8D8FA326-FD4B-4103-B631-0E3848CF267D}"
EndProject
Global
	GlobalSection(SolutionConfigurationPlatforms) = preSolution
		Debug|x64 = Debug|x64
		Debug|x86 = Debug|x86
		Release|x64 = Release|x64
		Release|x86 = Release|x86
	EndGlobalSection
	GlobalSection(ProjectConfigurationPlatforms) = postSolution
		{8D8FA326-FD4B-4103-B631-0E3848CF267D}.Debug|x64.ActiveCfg = Debug|x64
		{8D8FA326-FD4B-4103-B631-0E3848CF267D}.Debug|x64.Build.0 = Debug|x64
		{8D8FA326-FD4B-4103-B631-0E3848CF267D}.Debug|x86.ActiveCfg = Debug|Win32
		{8D8FA326-FD4B-4103-B631-0E3848CF267D}.Debug|x86.Build.0 = Debug|Win32
		{8D8FA326-FD4B-4103-B631-0E3848CF267D}.Release|x64.ActiveCfg = Release|x64
		{8D8FA326-FD4B-4103-B631-0E3848CF267D}.Release|x64.Build.0 = Release|x64
		{8D8FA326-FD4B-4103-B631-0E3848CF267D}.Release|x86.ActiveCfg = Release|Win32
		{8D8FA326-FD4B-4103-B631-0E3848CF267D}.Release|x86.Build.0 = Release|Win32
	EndGlobalSection
	GlobalSection(SolutionProperties) = preSolution
		HideSolutionNode = FALSE
	EndGlobalSection
	GlobalSection(ExtensibilityGlobals) = postSolution
		SolutionGuid = {20F707AD-3546-41EA-ACC0-66497A5124C8}
	EndGlobalSection
EndGlobal
