
Microsoft Visual Studio Solution File, Format Version 12.00
# Visual Studio 15
VisualStudioVersion = 15.0.28307.489
MinimumVisualStudioVersion = 10.0.40219.1
Project("{8BC9CEB8-8B4A-11D0-8D11-00A0C91BC942}") = "Proyecto Language Programming", "Proyecto Language Programming\Proyecto Language Programming.vcxproj", "{9392E6C5-1F6E-44CB-B77D-A3B03C6E9298}"
EndProject
Global
	GlobalSection(SolutionConfigurationPlatforms) = preSolution
		Debug|x64 = Debug|x64
		Debug|x86 = Debug|x86
		Release|x64 = Release|x64
		Release|x86 = Release|x86
	EndGlobalSection
	GlobalSection(ProjectConfigurationPlatforms) = postSolution
		{9392E6C5-1F6E-44CB-B77D-A3B03C6E9298}.Debug|x64.ActiveCfg = Debug|x64
		{9392E6C5-1F6E-44CB-B77D-A3B03C6E9298}.Debug|x64.Build.0 = Debug|x64
		{9392E6C5-1F6E-44CB-B77D-A3B03C6E9298}.Debug|x86.ActiveCfg = Debug|Win32
		{9392E6C5-1F6E-44CB-B77D-A3B03C6E9298}.Debug|x86.Build.0 = Debug|Win32
		{9392E6C5-1F6E-44CB-B77D-A3B03C6E9298}.Release|x64.ActiveCfg = Release|x64
		{9392E6C5-1F6E-44CB-B77D-A3B03C6E9298}.Release|x64.Build.0 = Release|x64
		{9392E6C5-1F6E-44CB-B77D-A3B03C6E9298}.Release|x86.ActiveCfg = Release|Win32
		{9392E6C5-1F6E-44CB-B77D-A3B03C6E9298}.Release|x86.Build.0 = Release|Win32
	EndGlobalSection
	GlobalSection(SolutionProperties) = preSolution
		HideSolutionNode = FALSE
	EndGlobalSection
	GlobalSection(ExtensibilityGlobals) = postSolution
		SolutionGuid = {4B7EBE24-2313-4CED-8679-320994467FDB}
	EndGlobalSection
EndGlobal
